// !$*UTF8*$!
{
	archiveVersion = 1;
	classes = {
	};
	objectVersion = 56;
	objects = {

/* Begin PBXBuildFile section */
		CE037BDE2BD2C49200AAA012 /* TransitionBootcamp.swift in Sources */ = {isa = PBXBuildFile; fileRef = CE037BDD2BD2C49200AAA012 /* TransitionBootcamp.swift */; };
		CE037BE02BD2CB0D00AAA012 /* SheetsBootcamp.swift in Sources */ = {isa = PBXBuildFile; fileRef = CE037BDF2BD2CB0D00AAA012 /* SheetsBootcamp.swift */; };
		CE083CBE2BE82AB800C29EC5 /* AnyLayoutBootcamp.swift in Sources */ = {isa = PBXBuildFile; fileRef = CE083CBD2BE82AB800C29EC5 /* AnyLayoutBootcamp.swift */; };
		CE0A7A2B2BBEA32D00B894EF /* SpacerBootcamp.swift in Sources */ = {isa = PBXBuildFile; fileRef = CE0A7A2A2BBEA32D00B894EF /* SpacerBootcamp.swift */; };
		CE0A9D352BB88B500059C22B /* GradiantsBootcamp.swift in Sources */ = {isa = PBXBuildFile; fileRef = CE0A9D342BB88B500059C22B /* GradiantsBootcamp.swift */; };
		CE0A9D372BB894240059C22B /* Iconsbootcamp.swift in Sources */ = {isa = PBXBuildFile; fileRef = CE0A9D362BB894240059C22B /* Iconsbootcamp.swift */; };
		CE0A9D392BB8A1E80059C22B /* SymbolsTag.swift in Sources */ = {isa = PBXBuildFile; fileRef = CE0A9D382BB8A1E80059C22B /* SymbolsTag.swift */; };
		CE0A9D3B2BB8A7870059C22B /* ImageBootcamp.swift in Sources */ = {isa = PBXBuildFile; fileRef = CE0A9D3A2BB8A7870059C22B /* ImageBootcamp.swift */; };
		CE1290B82BD92040008474C4 /* ContextMenuBootcamp.swift in Sources */ = {isa = PBXBuildFile; fileRef = CE1290B72BD92040008474C4 /* ContextMenuBootcamp.swift */; };
		CE1F1A5D2BE3F86700F359D0 /* NavigationStackBootcamp.swift in Sources */ = {isa = PBXBuildFile; fileRef = CE1F1A5C2BE3F86700F359D0 /* NavigationStackBootcamp.swift */; };
		CE1F1A5F2BE407A700F359D0 /* ToolbarBootcamp.swift in Sources */ = {isa = PBXBuildFile; fileRef = CE1F1A5E2BE407A700F359D0 /* ToolbarBootcamp.swift */; };
		CE21E81A2BC9A539008B73AA /* ButtonsBootcamp.swift in Sources */ = {isa = PBXBuildFile; fileRef = CE21E8192BC9A539008B73AA /* ButtonsBootcamp.swift */; };
		CE21E81C2BC9C145008B73AA /* StateBootcamp.swift in Sources */ = {isa = PBXBuildFile; fileRef = CE21E81B2BC9C145008B73AA /* StateBootcamp.swift */; };
		CE21E81E2BC9CF64008B73AA /* ExtractedFunctionsBootcamp.swift in Sources */ = {isa = PBXBuildFile; fileRef = CE21E81D2BC9CF64008B73AA /* ExtractedFunctionsBootcamp.swift */; };
		CE2284CD2BE02DF900EC5DB3 /* EnvironmentObjectBootcamp.swift in Sources */ = {isa = PBXBuildFile; fileRef = CE2284CC2BE02DF900EC5DB3 /* EnvironmentObjectBootcamp.swift */; };
		CE2284CF2BE038DE00EC5DB3 /* AppStorageBootcamp.swift in Sources */ = {isa = PBXBuildFile; fileRef = CE2284CE2BE038DE00EC5DB3 /* AppStorageBootcamp.swift */; };
		CE2F83D02BD3CD7200B1662B /* ListBootcamp.swift in Sources */ = {isa = PBXBuildFile; fileRef = CE2F83CF2BD3CD7200B1662B /* ListBootcamp.swift */; };
		CE31C0AE2BECFEA4007FB587 /* ViewThatFitsBootcamp.swift in Sources */ = {isa = PBXBuildFile; fileRef = CE31C0AD2BECFEA4007FB587 /* ViewThatFitsBootcamp.swift */; };
		CE31C0B02BED01BF007FB587 /* NavigationSplitViewBootcamp.swift in Sources */ = {isa = PBXBuildFile; fileRef = CE31C0AF2BED01BF007FB587 /* NavigationSplitViewBootcamp.swift */; };
		CE31C0B22BED10AE007FB587 /* GridViewBootcamp.swift in Sources */ = {isa = PBXBuildFile; fileRef = CE31C0B12BED10AE007FB587 /* GridViewBootcamp.swift */; };
		CE3862982BD29B5800B7AEF7 /* TernaryBootcamp.swift in Sources */ = {isa = PBXBuildFile; fileRef = CE3862972BD29B5800B7AEF7 /* TernaryBootcamp.swift */; };
		CE38629A2BD29FA400B7AEF7 /* AnimationBootcamp.swift in Sources */ = {isa = PBXBuildFile; fileRef = CE3862992BD29FA400B7AEF7 /* AnimationBootcamp.swift */; };
		CE38629C2BD2A5A000B7AEF7 /* AnimationTimingBootcamp.swift in Sources */ = {isa = PBXBuildFile; fileRef = CE38629B2BD2A5A000B7AEF7 /* AnimationTimingBootcamp.swift */; };
		CE39E8D52BE2441C0084CBF6 /* IntroView.swift in Sources */ = {isa = PBXBuildFile; fileRef = CE39E8D42BE2441C0084CBF6 /* IntroView.swift */; };
		CE39E8D72BE246620084CBF6 /* OnboardingView.swift in Sources */ = {isa = PBXBuildFile; fileRef = CE39E8D62BE246620084CBF6 /* OnboardingView.swift */; };
		CE39E8D92BE265500084CBF6 /* ProfileView.swift in Sources */ = {isa = PBXBuildFile; fileRef = CE39E8D82BE265500084CBF6 /* ProfileView.swift */; };
		CE4EFF8F2BB9F57E00EC71B6 /* StackOnStack.swift in Sources */ = {isa = PBXBuildFile; fileRef = CE4EFF8E2BB9F57E00EC71B6 /* StackOnStack.swift */; };
		CE4EFF912BB9FA2100EC71B6 /* StackWithText.swift in Sources */ = {isa = PBXBuildFile; fileRef = CE4EFF902BB9FA2100EC71B6 /* StackWithText.swift */; };
		CE4EFF952BB9FB4700EC71B6 /* StackBootcamp (V,H,Z).swift in Sources */ = {isa = PBXBuildFile; fileRef = CE4EFF942BB9FB4700EC71B6 /* StackBootcamp (V,H,Z).swift */; };
		CE510C1B2BE394A4000C3236 /* AsyncImageBoocamp.swift in Sources */ = {isa = PBXBuildFile; fileRef = CE510C1A2BE394A4000C3236 /* AsyncImageBoocamp.swift */; };
		CE510C1D2BE3B031000C3236 /* BackgroundMaterialsBootcamp.swift in Sources */ = {isa = PBXBuildFile; fileRef = CE510C1C2BE3B031000C3236 /* BackgroundMaterialsBootcamp.swift */; };
		CE510C1F2BE3B265000C3236 /* TextSelectionBootcamp.swift in Sources */ = {isa = PBXBuildFile; fileRef = CE510C1E2BE3B265000C3236 /* TextSelectionBootcamp.swift */; };
		CE510C212BE3B35E000C3236 /* ButtonStylesBootcamp.swift in Sources */ = {isa = PBXBuildFile; fileRef = CE510C202BE3B35E000C3236 /* ButtonStylesBootcamp.swift */; };
		CE510C232BE3BA9E000C3236 /* ListSwipeActionsBootcamp.swift in Sources */ = {isa = PBXBuildFile; fileRef = CE510C222BE3BA9E000C3236 /* ListSwipeActionsBootcamp.swift */; };
		CE510C252BE3BE88000C3236 /* BadgesBootcamp.swift in Sources */ = {isa = PBXBuildFile; fileRef = CE510C242BE3BE88000C3236 /* BadgesBootcamp.swift */; };
		CE510C272BE3C0AF000C3236 /* FocusStateBootcamp.swift in Sources */ = {isa = PBXBuildFile; fileRef = CE510C262BE3C0AF000C3236 /* FocusStateBootcamp.swift */; };
		CE510C292BE3D612000C3236 /* SubmitTextFieldBootcamp.swift in Sources */ = {isa = PBXBuildFile; fileRef = CE510C282BE3D612000C3236 /* SubmitTextFieldBootcamp.swift */; };
		CE569F8B2BE6D7AD00C1F996 /* SafeAreaInsetBootcamp.swift in Sources */ = {isa = PBXBuildFile; fileRef = CE569F8A2BE6D7AD00C1F996 /* SafeAreaInsetBootcamp.swift */; };
		CE569F8D2BE6DC0A00C1F996 /* GroupBootcamp.swift in Sources */ = {isa = PBXBuildFile; fileRef = CE569F8C2BE6DC0A00C1F996 /* GroupBootcamp.swift */; };
		CE569F8F2BE6DEFA00C1F996 /* AnimationUpdatedBootcamp.swift in Sources */ = {isa = PBXBuildFile; fileRef = CE569F8E2BE6DEFA00C1F996 /* AnimationUpdatedBootcamp.swift */; };
		CE569F912BE6E2D800C1F996 /* MenuBootcamp.swift in Sources */ = {isa = PBXBuildFile; fileRef = CE569F902BE6E2D800C1F996 /* MenuBootcamp.swift */; };
		CE569F932BE6E3BB00C1F996 /* NativePopoverBootcamp.swift in Sources */ = {isa = PBXBuildFile; fileRef = CE569F922BE6E3BB00C1F996 /* NativePopoverBootcamp.swift */; };
		CE58A5B92BD2F07000EDCF03 /* PopoverBootcamp.swift in Sources */ = {isa = PBXBuildFile; fileRef = CE58A5B82BD2F06F00EDCF03 /* PopoverBootcamp.swift */; };
		CE58A5BD2BD3020700EDCF03 /* NavigationViewBootcamp.swift in Sources */ = {isa = PBXBuildFile; fileRef = CE58A5BC2BD3020700EDCF03 /* NavigationViewBootcamp.swift */; };
		CE5DB8CD2BB5FA870081B4A2 /* SwiftUIstudyApp.swift in Sources */ = {isa = PBXBuildFile; fileRef = CE5DB8CC2BB5FA870081B4A2 /* SwiftUIstudyApp.swift */; };
		CE5DB8CF2BB5FA870081B4A2 /* ContentView.swift in Sources */ = {isa = PBXBuildFile; fileRef = CE5DB8CE2BB5FA870081B4A2 /* ContentView.swift */; };
		CE5DB8D12BB5FA880081B4A2 /* Assets.xcassets in Resources */ = {isa = PBXBuildFile; fileRef = CE5DB8D02BB5FA880081B4A2 /* Assets.xcassets */; };
		CE5DB8D42BB5FA880081B4A2 /* Preview Assets.xcassets in Resources */ = {isa = PBXBuildFile; fileRef = CE5DB8D32BB5FA880081B4A2 /* Preview Assets.xcassets */; };
		CE5FDDBD2BE002B100FE1E12 /* ModelBootcamp.swift in Sources */ = {isa = PBXBuildFile; fileRef = CE5FDDBC2BE002B100FE1E12 /* ModelBootcamp.swift */; };
		CE5FDDBF2BE00A9900FE1E12 /* ViewModelBootcamp.swift in Sources */ = {isa = PBXBuildFile; fileRef = CE5FDDBE2BE00A9900FE1E12 /* ViewModelBootcamp.swift */; };
		CE6877B42BDAD98F0066E054 /* DatePickerBootcamp.swift in Sources */ = {isa = PBXBuildFile; fileRef = CE6877B32BDAD98F0066E054 /* DatePickerBootcamp.swift */; };
		CE6877B82BDADEAA0066E054 /* StepperBootcamp.swift in Sources */ = {isa = PBXBuildFile; fileRef = CE6877B72BDADEAA0066E054 /* StepperBootcamp.swift */; };
		CE7518E42BD41D0100B4FD5D /* AlertsBootcamp.swift in Sources */ = {isa = PBXBuildFile; fileRef = CE7518E32BD41D0100B4FD5D /* AlertsBootcamp.swift */; };
		CE7518E62BD4439900B4FD5D /* ActionSheetBootcamp.swift in Sources */ = {isa = PBXBuildFile; fileRef = CE7518E52BD4439900B4FD5D /* ActionSheetBootcamp.swift */; };
		CE76AD742BD95A5800CA6FC8 /* TextFieldBootcamp.swift in Sources */ = {isa = PBXBuildFile; fileRef = CE76AD732BD95A5800CA6FC8 /* TextFieldBootcamp.swift */; };
		CE76AD762BD9624200CA6FC8 /* TextEditorBootcamp.swift in Sources */ = {isa = PBXBuildFile; fileRef = CE76AD752BD9624200CA6FC8 /* TextEditorBootcamp.swift */; };
		CE7757582BED1A4C00E6A6F9 /* ContentUnavailableViewBootcamp.swift in Sources */ = {isa = PBXBuildFile; fileRef = CE7757572BED1A4C00E6A6F9 /* ContentUnavailableViewBootcamp.swift */; };
		CE77575A2BED1CB700E6A6F9 /* ControlGroupMenuBootcamp.swift in Sources */ = {isa = PBXBuildFile; fileRef = CE7757592BED1CB700E6A6F9 /* ControlGroupMenuBootcamp.swift */; };
		CE7C61912BC2EABB004822DB /* ScrollBootcamp.swift in Sources */ = {isa = PBXBuildFile; fileRef = CE7C61902BC2EABB004822DB /* ScrollBootcamp.swift */; };
		CE87F7BD2BDBCD4E00A695C2 /* SliderBootcamp.swift in Sources */ = {isa = PBXBuildFile; fileRef = CE87F7BC2BDBCD4E00A695C2 /* SliderBootcamp.swift */; };
		CE87F7BF2BDBD97300A695C2 /* TabViewBootcamp.swift in Sources */ = {isa = PBXBuildFile; fileRef = CE87F7BE2BDBD97300A695C2 /* TabViewBootcamp.swift */; };
		CE87F7C12BDBE4D600A695C2 /* DarkModeBootcamp.swift in Sources */ = {isa = PBXBuildFile; fileRef = CE87F7C02BDBE4D600A695C2 /* DarkModeBootcamp.swift */; };
		CE87F7C32BDBEA1500A695C2 /* DocumentationBootcamp.swift in Sources */ = {isa = PBXBuildFile; fileRef = CE87F7C22BDBEA1500A695C2 /* DocumentationBootcamp.swift */; };
		CE8D95E72BB98C650018CDCC /* BackgroundOverlayBootcamp.swift in Sources */ = {isa = PBXBuildFile; fileRef = CE8D95E62BB98C650018CDCC /* BackgroundOverlayBootcamp.swift */; };
		CE8EA7352BC4721100A92E56 /* GridBootcamp.swift in Sources */ = {isa = PBXBuildFile; fileRef = CE8EA7342BC4721100A92E56 /* GridBootcamp.swift */; };
		CE957FA12BBB54340093B03A /* PaddingBotcamp.swift in Sources */ = {isa = PBXBuildFile; fileRef = CE957FA02BBB54340093B03A /* PaddingBotcamp.swift */; };
		CEA543A42BDC1609007705D3 /* OnAppearBootcamp.swift in Sources */ = {isa = PBXBuildFile; fileRef = CEA543A32BDC1609007705D3 /* OnAppearBootcamp.swift */; };
		CEA543A62BDC352C007705D3 /* IfLetGuardBootcamp.swift in Sources */ = {isa = PBXBuildFile; fileRef = CEA543A52BDC352C007705D3 /* IfLetGuardBootcamp.swift */; };
		CEA543A82BDC3C3D007705D3 /* TapGestureBootcamp.swift in Sources */ = {isa = PBXBuildFile; fileRef = CEA543A72BDC3C3D007705D3 /* TapGestureBootcamp.swift */; };
		CEBFD0D42BD1B74300D5E4C9 /* BindingBootcamp.swift in Sources */ = {isa = PBXBuildFile; fileRef = CEBFD0D32BD1B74300D5E4C9 /* BindingBootcamp.swift */; };
		CEBFD0D62BD1C64400D5E4C9 /* ConditionalBootcamp.swift in Sources */ = {isa = PBXBuildFile; fileRef = CEBFD0D52BD1C64400D5E4C9 /* ConditionalBootcamp.swift */; };
		CEC4C8242BC70C2B007B6E23 /* SafeAreaBootcamp.swift in Sources */ = {isa = PBXBuildFile; fileRef = CEC4C8232BC70C2B007B6E23 /* SafeAreaBootcamp.swift */; };
		CEC8BE112BE6C5BD005DF0C0 /* ResizableSheetBootcamp.swift in Sources */ = {isa = PBXBuildFile; fileRef = CEC8BE102BE6C5BD005DF0C0 /* ResizableSheetBootcamp.swift */; };
		CECB568E2BB7345700116B0B /* TextBootcamp.swift in Sources */ = {isa = PBXBuildFile; fileRef = CECB568D2BB7345700116B0B /* TextBootcamp.swift */; };
		CECB56902BB741DE00116B0B /* ShapesBootcamp.swift in Sources */ = {isa = PBXBuildFile; fileRef = CECB568F2BB741DE00116B0B /* ShapesBootcamp.swift */; };
		CECB56922BB74A5000116B0B /* ColorsBootcamp.swift in Sources */ = {isa = PBXBuildFile; fileRef = CECB56912BB74A5000116B0B /* ColorsBootcamp.swift */; };
		CEE731602BDAB4D300602302 /* ToggleBootcamp.swift in Sources */ = {isa = PBXBuildFile; fileRef = CEE7315F2BDAB4D300602302 /* ToggleBootcamp.swift */; };
		CEE731622BDAB7A600602302 /* PickerBootcamp.swift in Sources */ = {isa = PBXBuildFile; fileRef = CEE731612BDAB7A600602302 /* PickerBootcamp.swift */; };
		CEE731642BDAD20700602302 /* ColorPickerBootcamp.swift in Sources */ = {isa = PBXBuildFile; fileRef = CEE731632BDAD20700602302 /* ColorPickerBootcamp.swift */; };
		CEF48C732BBED3CF0089BA4A /* InitializerBootcamp.swift in Sources */ = {isa = PBXBuildFile; fileRef = CEF48C722BBED3CF0089BA4A /* InitializerBootcamp.swift */; };
		CEF48C752BBEE4CD0089BA4A /* ForEachBootcamp.swift in Sources */ = {isa = PBXBuildFile; fileRef = CEF48C742BBEE4CD0089BA4A /* ForEachBootcamp.swift */; };
		CEF8D7742BB8AC69007029F0 /* ImageToSymbols.swift in Sources */ = {isa = PBXBuildFile; fileRef = CEF8D7732BB8AC69007029F0 /* ImageToSymbols.swift */; };
		CEF8D7762BB8AEDE007029F0 /* FrameBootcamp.swift in Sources */ = {isa = PBXBuildFile; fileRef = CEF8D7752BB8AEDE007029F0 /* FrameBootcamp.swift */; };
/* End PBXBuildFile section */

/* Begin PBXFileReference section */
		CE037BDD2BD2C49200AAA012 /* TransitionBootcamp.swift */ = {isa = PBXFileReference; lastKnownFileType = sourcecode.swift; path = TransitionBootcamp.swift; sourceTree = "<group>"; };
		CE037BDF2BD2CB0D00AAA012 /* SheetsBootcamp.swift */ = {isa = PBXFileReference; lastKnownFileType = sourcecode.swift; path = SheetsBootcamp.swift; sourceTree = "<group>"; };
		CE083CBD2BE82AB800C29EC5 /* AnyLayoutBootcamp.swift */ = {isa = PBXFileReference; lastKnownFileType = sourcecode.swift; path = AnyLayoutBootcamp.swift; sourceTree = "<group>"; };
		CE0A7A2A2BBEA32D00B894EF /* SpacerBootcamp.swift */ = {isa = PBXFileReference; lastKnownFileType = sourcecode.swift; path = SpacerBootcamp.swift; sourceTree = "<group>"; };
		CE0A9D342BB88B500059C22B /* GradiantsBootcamp.swift */ = {isa = PBXFileReference; lastKnownFileType = sourcecode.swift; path = GradiantsBootcamp.swift; sourceTree = "<group>"; };
		CE0A9D362BB894240059C22B /* Iconsbootcamp.swift */ = {isa = PBXFileReference; lastKnownFileType = sourcecode.swift; path = Iconsbootcamp.swift; sourceTree = "<group>"; };
		CE0A9D382BB8A1E80059C22B /* SymbolsTag.swift */ = {isa = PBXFileReference; lastKnownFileType = sourcecode.swift; path = SymbolsTag.swift; sourceTree = "<group>"; };
		CE0A9D3A2BB8A7870059C22B /* ImageBootcamp.swift */ = {isa = PBXFileReference; lastKnownFileType = sourcecode.swift; path = ImageBootcamp.swift; sourceTree = "<group>"; };
		CE1290B72BD92040008474C4 /* ContextMenuBootcamp.swift */ = {isa = PBXFileReference; lastKnownFileType = sourcecode.swift; path = ContextMenuBootcamp.swift; sourceTree = "<group>"; };
		CE1F1A5C2BE3F86700F359D0 /* NavigationStackBootcamp.swift */ = {isa = PBXFileReference; lastKnownFileType = sourcecode.swift; path = NavigationStackBootcamp.swift; sourceTree = "<group>"; };
		CE1F1A5E2BE407A700F359D0 /* ToolbarBootcamp.swift */ = {isa = PBXFileReference; lastKnownFileType = sourcecode.swift; path = ToolbarBootcamp.swift; sourceTree = "<group>"; };
		CE21E8192BC9A539008B73AA /* ButtonsBootcamp.swift */ = {isa = PBXFileReference; lastKnownFileType = sourcecode.swift; path = ButtonsBootcamp.swift; sourceTree = "<group>"; };
		CE21E81B2BC9C145008B73AA /* StateBootcamp.swift */ = {isa = PBXFileReference; lastKnownFileType = sourcecode.swift; path = StateBootcamp.swift; sourceTree = "<group>"; };
		CE21E81D2BC9CF64008B73AA /* ExtractedFunctionsBootcamp.swift */ = {isa = PBXFileReference; lastKnownFileType = sourcecode.swift; path = ExtractedFunctionsBootcamp.swift; sourceTree = "<group>"; };
		CE2284CC2BE02DF900EC5DB3 /* EnvironmentObjectBootcamp.swift */ = {isa = PBXFileReference; lastKnownFileType = sourcecode.swift; path = EnvironmentObjectBootcamp.swift; sourceTree = "<group>"; };
		CE2284CE2BE038DE00EC5DB3 /* AppStorageBootcamp.swift */ = {isa = PBXFileReference; lastKnownFileType = sourcecode.swift; path = AppStorageBootcamp.swift; sourceTree = "<group>"; };
		CE2F83CF2BD3CD7200B1662B /* ListBootcamp.swift */ = {isa = PBXFileReference; lastKnownFileType = sourcecode.swift; path = ListBootcamp.swift; sourceTree = "<group>"; };
		CE31C0AD2BECFEA4007FB587 /* ViewThatFitsBootcamp.swift */ = {isa = PBXFileReference; lastKnownFileType = sourcecode.swift; path = ViewThatFitsBootcamp.swift; sourceTree = "<group>"; };
		CE31C0AF2BED01BF007FB587 /* NavigationSplitViewBootcamp.swift */ = {isa = PBXFileReference; lastKnownFileType = sourcecode.swift; path = NavigationSplitViewBootcamp.swift; sourceTree = "<group>"; };
		CE31C0B12BED10AE007FB587 /* GridViewBootcamp.swift */ = {isa = PBXFileReference; lastKnownFileType = sourcecode.swift; path = GridViewBootcamp.swift; sourceTree = "<group>"; };
		CE3862972BD29B5800B7AEF7 /* TernaryBootcamp.swift */ = {isa = PBXFileReference; lastKnownFileType = sourcecode.swift; path = TernaryBootcamp.swift; sourceTree = "<group>"; };
		CE3862992BD29FA400B7AEF7 /* AnimationBootcamp.swift */ = {isa = PBXFileReference; lastKnownFileType = sourcecode.swift; path = AnimationBootcamp.swift; sourceTree = "<group>"; };
		CE38629B2BD2A5A000B7AEF7 /* AnimationTimingBootcamp.swift */ = {isa = PBXFileReference; lastKnownFileType = sourcecode.swift; path = AnimationTimingBootcamp.swift; sourceTree = "<group>"; };
		CE39E8D42BE2441C0084CBF6 /* IntroView.swift */ = {isa = PBXFileReference; lastKnownFileType = sourcecode.swift; path = IntroView.swift; sourceTree = "<group>"; };
		CE39E8D62BE246620084CBF6 /* OnboardingView.swift */ = {isa = PBXFileReference; lastKnownFileType = sourcecode.swift; path = OnboardingView.swift; sourceTree = "<group>"; };
		CE39E8D82BE265500084CBF6 /* ProfileView.swift */ = {isa = PBXFileReference; lastKnownFileType = sourcecode.swift; path = ProfileView.swift; sourceTree = "<group>"; };
		CE4EFF8E2BB9F57E00EC71B6 /* StackOnStack.swift */ = {isa = PBXFileReference; lastKnownFileType = sourcecode.swift; path = StackOnStack.swift; sourceTree = "<group>"; };
		CE4EFF902BB9FA2100EC71B6 /* StackWithText.swift */ = {isa = PBXFileReference; lastKnownFileType = sourcecode.swift; path = StackWithText.swift; sourceTree = "<group>"; };
		CE4EFF942BB9FB4700EC71B6 /* StackBootcamp (V,H,Z).swift */ = {isa = PBXFileReference; lastKnownFileType = sourcecode.swift; path = "StackBootcamp (V,H,Z).swift"; sourceTree = "<group>"; };
		CE510C1A2BE394A4000C3236 /* AsyncImageBoocamp.swift */ = {isa = PBXFileReference; lastKnownFileType = sourcecode.swift; path = AsyncImageBoocamp.swift; sourceTree = "<group>"; };
		CE510C1C2BE3B031000C3236 /* BackgroundMaterialsBootcamp.swift */ = {isa = PBXFileReference; lastKnownFileType = sourcecode.swift; path = BackgroundMaterialsBootcamp.swift; sourceTree = "<group>"; };
		CE510C1E2BE3B265000C3236 /* TextSelectionBootcamp.swift */ = {isa = PBXFileReference; lastKnownFileType = sourcecode.swift; path = TextSelectionBootcamp.swift; sourceTree = "<group>"; };
		CE510C202BE3B35E000C3236 /* ButtonStylesBootcamp.swift */ = {isa = PBXFileReference; lastKnownFileType = sourcecode.swift; path = ButtonStylesBootcamp.swift; sourceTree = "<group>"; };
		CE510C222BE3BA9E000C3236 /* ListSwipeActionsBootcamp.swift */ = {isa = PBXFileReference; lastKnownFileType = sourcecode.swift; path = ListSwipeActionsBootcamp.swift; sourceTree = "<group>"; };
		CE510C242BE3BE88000C3236 /* BadgesBootcamp.swift */ = {isa = PBXFileReference; lastKnownFileType = sourcecode.swift; path = BadgesBootcamp.swift; sourceTree = "<group>"; };
		CE510C262BE3C0AF000C3236 /* FocusStateBootcamp.swift */ = {isa = PBXFileReference; lastKnownFileType = sourcecode.swift; path = FocusStateBootcamp.swift; sourceTree = "<group>"; };
		CE510C282BE3D612000C3236 /* SubmitTextFieldBootcamp.swift */ = {isa = PBXFileReference; lastKnownFileType = sourcecode.swift; path = SubmitTextFieldBootcamp.swift; sourceTree = "<group>"; };
		CE569F8A2BE6D7AD00C1F996 /* SafeAreaInsetBootcamp.swift */ = {isa = PBXFileReference; lastKnownFileType = sourcecode.swift; path = SafeAreaInsetBootcamp.swift; sourceTree = "<group>"; };
		CE569F8C2BE6DC0A00C1F996 /* GroupBootcamp.swift */ = {isa = PBXFileReference; lastKnownFileType = sourcecode.swift; path = GroupBootcamp.swift; sourceTree = "<group>"; };
		CE569F8E2BE6DEFA00C1F996 /* AnimationUpdatedBootcamp.swift */ = {isa = PBXFileReference; lastKnownFileType = sourcecode.swift; path = AnimationUpdatedBootcamp.swift; sourceTree = "<group>"; };
		CE569F902BE6E2D800C1F996 /* MenuBootcamp.swift */ = {isa = PBXFileReference; lastKnownFileType = sourcecode.swift; path = MenuBootcamp.swift; sourceTree = "<group>"; };
		CE569F922BE6E3BB00C1F996 /* NativePopoverBootcamp.swift */ = {isa = PBXFileReference; lastKnownFileType = sourcecode.swift; path = NativePopoverBootcamp.swift; sourceTree = "<group>"; };
		CE58A5B82BD2F06F00EDCF03 /* PopoverBootcamp.swift */ = {isa = PBXFileReference; lastKnownFileType = sourcecode.swift; path = PopoverBootcamp.swift; sourceTree = "<group>"; };
		CE58A5BC2BD3020700EDCF03 /* NavigationViewBootcamp.swift */ = {isa = PBXFileReference; lastKnownFileType = sourcecode.swift; path = NavigationViewBootcamp.swift; sourceTree = "<group>"; };
		CE5DB8C92BB5FA870081B4A2 /* SwiftUIstudy.app */ = {isa = PBXFileReference; explicitFileType = wrapper.application; includeInIndex = 0; path = SwiftUIstudy.app; sourceTree = BUILT_PRODUCTS_DIR; };
		CE5DB8CC2BB5FA870081B4A2 /* SwiftUIstudyApp.swift */ = {isa = PBXFileReference; lastKnownFileType = sourcecode.swift; path = SwiftUIstudyApp.swift; sourceTree = "<group>"; };
		CE5DB8CE2BB5FA870081B4A2 /* ContentView.swift */ = {isa = PBXFileReference; lastKnownFileType = sourcecode.swift; path = ContentView.swift; sourceTree = "<group>"; };
		CE5DB8D02BB5FA880081B4A2 /* Assets.xcassets */ = {isa = PBXFileReference; lastKnownFileType = folder.assetcatalog; path = Assets.xcassets; sourceTree = "<group>"; };
		CE5DB8D32BB5FA880081B4A2 /* Preview Assets.xcassets */ = {isa = PBXFileReference; lastKnownFileType = folder.assetcatalog; path = "Preview Assets.xcassets"; sourceTree = "<group>"; };
		CE5FDDBC2BE002B100FE1E12 /* ModelBootcamp.swift */ = {isa = PBXFileReference; lastKnownFileType = sourcecode.swift; path = ModelBootcamp.swift; sourceTree = "<group>"; };
		CE5FDDBE2BE00A9900FE1E12 /* ViewModelBootcamp.swift */ = {isa = PBXFileReference; lastKnownFileType = sourcecode.swift; path = ViewModelBootcamp.swift; sourceTree = "<group>"; };
		CE6877B32BDAD98F0066E054 /* DatePickerBootcamp.swift */ = {isa = PBXFileReference; lastKnownFileType = sourcecode.swift; path = DatePickerBootcamp.swift; sourceTree = "<group>"; };
		CE6877B72BDADEAA0066E054 /* StepperBootcamp.swift */ = {isa = PBXFileReference; lastKnownFileType = sourcecode.swift; path = StepperBootcamp.swift; sourceTree = "<group>"; };
		CE7518E32BD41D0100B4FD5D /* AlertsBootcamp.swift */ = {isa = PBXFileReference; lastKnownFileType = sourcecode.swift; path = AlertsBootcamp.swift; sourceTree = "<group>"; };
		CE7518E52BD4439900B4FD5D /* ActionSheetBootcamp.swift */ = {isa = PBXFileReference; lastKnownFileType = sourcecode.swift; path = ActionSheetBootcamp.swift; sourceTree = "<group>"; };
		CE76AD732BD95A5800CA6FC8 /* TextFieldBootcamp.swift */ = {isa = PBXFileReference; lastKnownFileType = sourcecode.swift; path = TextFieldBootcamp.swift; sourceTree = "<group>"; };
		CE76AD752BD9624200CA6FC8 /* TextEditorBootcamp.swift */ = {isa = PBXFileReference; lastKnownFileType = sourcecode.swift; path = TextEditorBootcamp.swift; sourceTree = "<group>"; };
		CE7757572BED1A4C00E6A6F9 /* ContentUnavailableViewBootcamp.swift */ = {isa = PBXFileReference; lastKnownFileType = sourcecode.swift; path = ContentUnavailableViewBootcamp.swift; sourceTree = "<group>"; };
		CE7757592BED1CB700E6A6F9 /* ControlGroupMenuBootcamp.swift */ = {isa = PBXFileReference; lastKnownFileType = sourcecode.swift; path = ControlGroupMenuBootcamp.swift; sourceTree = "<group>"; };
		CE7C61902BC2EABB004822DB /* ScrollBootcamp.swift */ = {isa = PBXFileReference; lastKnownFileType = sourcecode.swift; path = ScrollBootcamp.swift; sourceTree = "<group>"; };
		CE87F7BC2BDBCD4E00A695C2 /* SliderBootcamp.swift */ = {isa = PBXFileReference; lastKnownFileType = sourcecode.swift; path = SliderBootcamp.swift; sourceTree = "<group>"; };
		CE87F7BE2BDBD97300A695C2 /* TabViewBootcamp.swift */ = {isa = PBXFileReference; lastKnownFileType = sourcecode.swift; path = TabViewBootcamp.swift; sourceTree = "<group>"; };
		CE87F7C02BDBE4D600A695C2 /* DarkModeBootcamp.swift */ = {isa = PBXFileReference; lastKnownFileType = sourcecode.swift; path = DarkModeBootcamp.swift; sourceTree = "<group>"; };
		CE87F7C22BDBEA1500A695C2 /* DocumentationBootcamp.swift */ = {isa = PBXFileReference; lastKnownFileType = sourcecode.swift; path = DocumentationBootcamp.swift; sourceTree = "<group>"; };
		CE8D95E62BB98C650018CDCC /* BackgroundOverlayBootcamp.swift */ = {isa = PBXFileReference; lastKnownFileType = sourcecode.swift; path = BackgroundOverlayBootcamp.swift; sourceTree = "<group>"; };
		CE8EA7342BC4721100A92E56 /* GridBootcamp.swift */ = {isa = PBXFileReference; lastKnownFileType = sourcecode.swift; path = GridBootcamp.swift; sourceTree = "<group>"; };
		CE957FA02BBB54340093B03A /* PaddingBotcamp.swift */ = {isa = PBXFileReference; lastKnownFileType = sourcecode.swift; path = PaddingBotcamp.swift; sourceTree = "<group>"; };
		CEA543A32BDC1609007705D3 /* OnAppearBootcamp.swift */ = {isa = PBXFileReference; lastKnownFileType = sourcecode.swift; path = OnAppearBootcamp.swift; sourceTree = "<group>"; };
		CEA543A52BDC352C007705D3 /* IfLetGuardBootcamp.swift */ = {isa = PBXFileReference; lastKnownFileType = sourcecode.swift; path = IfLetGuardBootcamp.swift; sourceTree = "<group>"; };
		CEA543A72BDC3C3D007705D3 /* TapGestureBootcamp.swift */ = {isa = PBXFileReference; lastKnownFileType = sourcecode.swift; path = TapGestureBootcamp.swift; sourceTree = "<group>"; };
		CEBFD0D32BD1B74300D5E4C9 /* BindingBootcamp.swift */ = {isa = PBXFileReference; lastKnownFileType = sourcecode.swift; path = BindingBootcamp.swift; sourceTree = "<group>"; };
		CEBFD0D52BD1C64400D5E4C9 /* ConditionalBootcamp.swift */ = {isa = PBXFileReference; lastKnownFileType = sourcecode.swift; path = ConditionalBootcamp.swift; sourceTree = "<group>"; };
		CEC4C8232BC70C2B007B6E23 /* SafeAreaBootcamp.swift */ = {isa = PBXFileReference; lastKnownFileType = sourcecode.swift; path = SafeAreaBootcamp.swift; sourceTree = "<group>"; };
		CEC8BE102BE6C5BD005DF0C0 /* ResizableSheetBootcamp.swift */ = {isa = PBXFileReference; lastKnownFileType = sourcecode.swift; path = ResizableSheetBootcamp.swift; sourceTree = "<group>"; };
		CECB568D2BB7345700116B0B /* TextBootcamp.swift */ = {isa = PBXFileReference; lastKnownFileType = sourcecode.swift; path = TextBootcamp.swift; sourceTree = "<group>"; };
		CECB568F2BB741DE00116B0B /* ShapesBootcamp.swift */ = {isa = PBXFileReference; lastKnownFileType = sourcecode.swift; path = ShapesBootcamp.swift; sourceTree = "<group>"; };
		CECB56912BB74A5000116B0B /* ColorsBootcamp.swift */ = {isa = PBXFileReference; lastKnownFileType = sourcecode.swift; path = ColorsBootcamp.swift; sourceTree = "<group>"; };
		CEE7315F2BDAB4D300602302 /* ToggleBootcamp.swift */ = {isa = PBXFileReference; lastKnownFileType = sourcecode.swift; path = ToggleBootcamp.swift; sourceTree = "<group>"; };
		CEE731612BDAB7A600602302 /* PickerBootcamp.swift */ = {isa = PBXFileReference; lastKnownFileType = sourcecode.swift; path = PickerBootcamp.swift; sourceTree = "<group>"; };
		CEE731632BDAD20700602302 /* ColorPickerBootcamp.swift */ = {isa = PBXFileReference; lastKnownFileType = sourcecode.swift; path = ColorPickerBootcamp.swift; sourceTree = "<group>"; };
		CEF48C722BBED3CF0089BA4A /* InitializerBootcamp.swift */ = {isa = PBXFileReference; lastKnownFileType = sourcecode.swift; path = InitializerBootcamp.swift; sourceTree = "<group>"; };
		CEF48C742BBEE4CD0089BA4A /* ForEachBootcamp.swift */ = {isa = PBXFileReference; lastKnownFileType = sourcecode.swift; path = ForEachBootcamp.swift; sourceTree = "<group>"; };
		CEF8D7732BB8AC69007029F0 /* ImageToSymbols.swift */ = {isa = PBXFileReference; lastKnownFileType = sourcecode.swift; path = ImageToSymbols.swift; sourceTree = "<group>"; };
		CEF8D7752BB8AEDE007029F0 /* FrameBootcamp.swift */ = {isa = PBXFileReference; lastKnownFileType = sourcecode.swift; path = FrameBootcamp.swift; sourceTree = "<group>"; };
/* End PBXFileReference section */

/* Begin PBXFrameworksBuildPhase section */
		CE5DB8C62BB5FA870081B4A2 /* Frameworks */ = {
			isa = PBXFrameworksBuildPhase;
			buildActionMask = 2147483647;
			files = (
			);
			runOnlyForDeploymentPostprocessing = 0;
		};
/* End PBXFrameworksBuildPhase section */

/* Begin PBXGroup section */
		CE39E8D32BE243F90084CBF6 /* OnboardingViews */ = {
			isa = PBXGroup;
			children = (
				CE39E8D42BE2441C0084CBF6 /* IntroView.swift */,
				CE39E8D82BE265500084CBF6 /* ProfileView.swift */,
				CE39E8D62BE246620084CBF6 /* OnboardingView.swift */,
			);
			path = OnboardingViews;
			sourceTree = "<group>";
		};
		CE5DB8C02BB5FA870081B4A2 = {
			isa = PBXGroup;
			children = (
				CE5DB8CB2BB5FA870081B4A2 /* SwiftUIstudy */,
				CE5DB8CA2BB5FA870081B4A2 /* Products */,
			);
			sourceTree = "<group>";
		};
		CE5DB8CA2BB5FA870081B4A2 /* Products */ = {
			isa = PBXGroup;
			children = (
				CE5DB8C92BB5FA870081B4A2 /* SwiftUIstudy.app */,
			);
			name = Products;
			sourceTree = "<group>";
		};
		CE5DB8CB2BB5FA870081B4A2 /* SwiftUIstudy */ = {
			isa = PBXGroup;
			children = (
				CE5DB8CC2BB5FA870081B4A2 /* SwiftUIstudyApp.swift */,
				CE5DB8CE2BB5FA870081B4A2 /* ContentView.swift */,
				CECB568D2BB7345700116B0B /* TextBootcamp.swift */,
				CECB568F2BB741DE00116B0B /* ShapesBootcamp.swift */,
				CECB56912BB74A5000116B0B /* ColorsBootcamp.swift */,
				CE0A9D342BB88B500059C22B /* GradiantsBootcamp.swift */,
				CE0A9D362BB894240059C22B /* Iconsbootcamp.swift */,
				CE0A9D382BB8A1E80059C22B /* SymbolsTag.swift */,
				CE0A9D3A2BB8A7870059C22B /* ImageBootcamp.swift */,
				CEF8D7732BB8AC69007029F0 /* ImageToSymbols.swift */,
				CEF8D7752BB8AEDE007029F0 /* FrameBootcamp.swift */,
				CE8D95E62BB98C650018CDCC /* BackgroundOverlayBootcamp.swift */,
				CE4EFF8E2BB9F57E00EC71B6 /* StackOnStack.swift */,
				CE4EFF942BB9FB4700EC71B6 /* StackBootcamp (V,H,Z).swift */,
				CE4EFF902BB9FA2100EC71B6 /* StackWithText.swift */,
				CE957FA02BBB54340093B03A /* PaddingBotcamp.swift */,
				CE0A7A2A2BBEA32D00B894EF /* SpacerBootcamp.swift */,
				CEF48C722BBED3CF0089BA4A /* InitializerBootcamp.swift */,
				CEF48C742BBEE4CD0089BA4A /* ForEachBootcamp.swift */,
				CE7C61902BC2EABB004822DB /* ScrollBootcamp.swift */,
				CE8EA7342BC4721100A92E56 /* GridBootcamp.swift */,
				CEC4C8232BC70C2B007B6E23 /* SafeAreaBootcamp.swift */,
				CE21E8192BC9A539008B73AA /* ButtonsBootcamp.swift */,
				CE21E81B2BC9C145008B73AA /* StateBootcamp.swift */,
				CE21E81D2BC9CF64008B73AA /* ExtractedFunctionsBootcamp.swift */,
				CEBFD0D32BD1B74300D5E4C9 /* BindingBootcamp.swift */,
				CEBFD0D52BD1C64400D5E4C9 /* ConditionalBootcamp.swift */,
				CE3862972BD29B5800B7AEF7 /* TernaryBootcamp.swift */,
				CE3862992BD29FA400B7AEF7 /* AnimationBootcamp.swift */,
				CE38629B2BD2A5A000B7AEF7 /* AnimationTimingBootcamp.swift */,
				CE037BDD2BD2C49200AAA012 /* TransitionBootcamp.swift */,
				CE037BDF2BD2CB0D00AAA012 /* SheetsBootcamp.swift */,
				CE58A5B82BD2F06F00EDCF03 /* PopoverBootcamp.swift */,
				CE58A5BC2BD3020700EDCF03 /* NavigationViewBootcamp.swift */,
				CE2F83CF2BD3CD7200B1662B /* ListBootcamp.swift */,
				CE7518E32BD41D0100B4FD5D /* AlertsBootcamp.swift */,
				CE7518E52BD4439900B4FD5D /* ActionSheetBootcamp.swift */,
				CE1290B72BD92040008474C4 /* ContextMenuBootcamp.swift */,
				CE76AD732BD95A5800CA6FC8 /* TextFieldBootcamp.swift */,
				CE76AD752BD9624200CA6FC8 /* TextEditorBootcamp.swift */,
				CEE7315F2BDAB4D300602302 /* ToggleBootcamp.swift */,
				CEE731612BDAB7A600602302 /* PickerBootcamp.swift */,
				CEE731632BDAD20700602302 /* ColorPickerBootcamp.swift */,
				CE6877B32BDAD98F0066E054 /* DatePickerBootcamp.swift */,
				CE6877B72BDADEAA0066E054 /* StepperBootcamp.swift */,
				CE87F7BC2BDBCD4E00A695C2 /* SliderBootcamp.swift */,
				CE87F7BE2BDBD97300A695C2 /* TabViewBootcamp.swift */,
				CE87F7C02BDBE4D600A695C2 /* DarkModeBootcamp.swift */,
				CE87F7C22BDBEA1500A695C2 /* DocumentationBootcamp.swift */,
				CEA543A32BDC1609007705D3 /* OnAppearBootcamp.swift */,
				CEA543A52BDC352C007705D3 /* IfLetGuardBootcamp.swift */,
				CEA543A72BDC3C3D007705D3 /* TapGestureBootcamp.swift */,
				CE5FDDBC2BE002B100FE1E12 /* ModelBootcamp.swift */,
				CE5FDDBE2BE00A9900FE1E12 /* ViewModelBootcamp.swift */,
				CE2284CC2BE02DF900EC5DB3 /* EnvironmentObjectBootcamp.swift */,
				CE2284CE2BE038DE00EC5DB3 /* AppStorageBootcamp.swift */,
				CE39E8D32BE243F90084CBF6 /* OnboardingViews */,
				CE510C1A2BE394A4000C3236 /* AsyncImageBoocamp.swift */,
				CE510C1C2BE3B031000C3236 /* BackgroundMaterialsBootcamp.swift */,
				CE510C1E2BE3B265000C3236 /* TextSelectionBootcamp.swift */,
				CE510C202BE3B35E000C3236 /* ButtonStylesBootcamp.swift */,
				CE510C222BE3BA9E000C3236 /* ListSwipeActionsBootcamp.swift */,
				CE510C242BE3BE88000C3236 /* BadgesBootcamp.swift */,
				CE510C262BE3C0AF000C3236 /* FocusStateBootcamp.swift */,
				CE510C282BE3D612000C3236 /* SubmitTextFieldBootcamp.swift */,
				CE1F1A5C2BE3F86700F359D0 /* NavigationStackBootcamp.swift */,
				CE1F1A5E2BE407A700F359D0 /* ToolbarBootcamp.swift */,
				CEC8BE102BE6C5BD005DF0C0 /* ResizableSheetBootcamp.swift */,
				CE569F8A2BE6D7AD00C1F996 /* SafeAreaInsetBootcamp.swift */,
				CE569F8C2BE6DC0A00C1F996 /* GroupBootcamp.swift */,
				CE569F8E2BE6DEFA00C1F996 /* AnimationUpdatedBootcamp.swift */,
				CE569F902BE6E2D800C1F996 /* MenuBootcamp.swift */,
				CE569F922BE6E3BB00C1F996 /* NativePopoverBootcamp.swift */,
				CE083CBD2BE82AB800C29EC5 /* AnyLayoutBootcamp.swift */,
				CE31C0AD2BECFEA4007FB587 /* ViewThatFitsBootcamp.swift */,
				CE31C0AF2BED01BF007FB587 /* NavigationSplitViewBootcamp.swift */,
				CE31C0B12BED10AE007FB587 /* GridViewBootcamp.swift */,
				CE7757572BED1A4C00E6A6F9 /* ContentUnavailableViewBootcamp.swift */,
				CE7757592BED1CB700E6A6F9 /* ControlGroupMenuBootcamp.swift */,
				CE5DB8D02BB5FA880081B4A2 /* Assets.xcassets */,
				CE5DB8D22BB5FA880081B4A2 /* Preview Content */,
			);
			path = SwiftUIstudy;
			sourceTree = "<group>";
		};
		CE5DB8D22BB5FA880081B4A2 /* Preview Content */ = {
			isa = PBXGroup;
			children = (
				CE5DB8D32BB5FA880081B4A2 /* Preview Assets.xcassets */,
			);
			path = "Preview Content";
			sourceTree = "<group>";
		};
/* End PBXGroup section */

/* Begin PBXNativeTarget section */
		CE5DB8C82BB5FA870081B4A2 /* SwiftUIstudy */ = {
			isa = PBXNativeTarget;
			buildConfigurationList = CE5DB8D72BB5FA880081B4A2 /* Build configuration list for PBXNativeTarget "SwiftUIstudy" */;
			buildPhases = (
				CE5DB8C52BB5FA870081B4A2 /* Sources */,
				CE5DB8C62BB5FA870081B4A2 /* Frameworks */,
				CE5DB8C72BB5FA870081B4A2 /* Resources */,
			);
			buildRules = (
			);
			dependencies = (
			);
			name = SwiftUIstudy;
			productName = SwiftUIstudy;
			productReference = CE5DB8C92BB5FA870081B4A2 /* SwiftUIstudy.app */;
			productType = "com.apple.product-type.application";
		};
/* End PBXNativeTarget section */

/* Begin PBXProject section */
		CE5DB8C12BB5FA870081B4A2 /* Project object */ = {
			isa = PBXProject;
			attributes = {
				BuildIndependentTargetsInParallel = 1;
				LastSwiftUpdateCheck = 1530;
				LastUpgradeCheck = 1530;
				TargetAttributes = {
					CE5DB8C82BB5FA870081B4A2 = {
						CreatedOnToolsVersion = 15.3;
					};
				};
			};
			buildConfigurationList = CE5DB8C42BB5FA870081B4A2 /* Build configuration list for PBXProject "SwiftUIstudy" */;
			compatibilityVersion = "Xcode 14.0";
			developmentRegion = en;
			hasScannedForEncodings = 0;
			knownRegions = (
				en,
				Base,
			);
			mainGroup = CE5DB8C02BB5FA870081B4A2;
			productRefGroup = CE5DB8CA2BB5FA870081B4A2 /* Products */;
			projectDirPath = "";
			projectRoot = "";
			targets = (
				CE5DB8C82BB5FA870081B4A2 /* SwiftUIstudy */,
			);
		};
/* End PBXProject section */

/* Begin PBXResourcesBuildPhase section */
		CE5DB8C72BB5FA870081B4A2 /* Resources */ = {
			isa = PBXResourcesBuildPhase;
			buildActionMask = 2147483647;
			files = (
				CE5DB8D42BB5FA880081B4A2 /* Preview Assets.xcassets in Resources */,
				CE5DB8D12BB5FA880081B4A2 /* Assets.xcassets in Resources */,
			);
			runOnlyForDeploymentPostprocessing = 0;
		};
/* End PBXResourcesBuildPhase section */

/* Begin PBXSourcesBuildPhase section */
		CE5DB8C52BB5FA870081B4A2 /* Sources */ = {
			isa = PBXSourcesBuildPhase;
			buildActionMask = 2147483647;
			files = (
				CEA543A62BDC352C007705D3 /* IfLetGuardBootcamp.swift in Sources */,
				CE31C0B22BED10AE007FB587 /* GridViewBootcamp.swift in Sources */,
				CE5FDDBF2BE00A9900FE1E12 /* ViewModelBootcamp.swift in Sources */,
				CECB568E2BB7345700116B0B /* TextBootcamp.swift in Sources */,
				CE0A9D3B2BB8A7870059C22B /* ImageBootcamp.swift in Sources */,
				CE3862982BD29B5800B7AEF7 /* TernaryBootcamp.swift in Sources */,
				CEE731602BDAB4D300602302 /* ToggleBootcamp.swift in Sources */,
				CE4EFF912BB9FA2100EC71B6 /* StackWithText.swift in Sources */,
				CE1F1A5F2BE407A700F359D0 /* ToolbarBootcamp.swift in Sources */,
				CE569F8B2BE6D7AD00C1F996 /* SafeAreaInsetBootcamp.swift in Sources */,
				CE037BDE2BD2C49200AAA012 /* TransitionBootcamp.swift in Sources */,
				CEBFD0D62BD1C64400D5E4C9 /* ConditionalBootcamp.swift in Sources */,
				CE2284CD2BE02DF900EC5DB3 /* EnvironmentObjectBootcamp.swift in Sources */,
				CE87F7BD2BDBCD4E00A695C2 /* SliderBootcamp.swift in Sources */,
				CE7C61912BC2EABB004822DB /* ScrollBootcamp.swift in Sources */,
				CEC4C8242BC70C2B007B6E23 /* SafeAreaBootcamp.swift in Sources */,
				CE21E81C2BC9C145008B73AA /* StateBootcamp.swift in Sources */,
				CE569F8D2BE6DC0A00C1F996 /* GroupBootcamp.swift in Sources */,
				CE5FDDBD2BE002B100FE1E12 /* ModelBootcamp.swift in Sources */,
				CEC8BE112BE6C5BD005DF0C0 /* ResizableSheetBootcamp.swift in Sources */,
				CECB56902BB741DE00116B0B /* ShapesBootcamp.swift in Sources */,
				CE39E8D92BE265500084CBF6 /* ProfileView.swift in Sources */,
				CE2F83D02BD3CD7200B1662B /* ListBootcamp.swift in Sources */,
				CE87F7C12BDBE4D600A695C2 /* DarkModeBootcamp.swift in Sources */,
				CE510C1D2BE3B031000C3236 /* BackgroundMaterialsBootcamp.swift in Sources */,
				CEF8D7742BB8AC69007029F0 /* ImageToSymbols.swift in Sources */,
				CE083CBE2BE82AB800C29EC5 /* AnyLayoutBootcamp.swift in Sources */,
				CE76AD762BD9624200CA6FC8 /* TextEditorBootcamp.swift in Sources */,
				CEBFD0D42BD1B74300D5E4C9 /* BindingBootcamp.swift in Sources */,
				CE87F7BF2BDBD97300A695C2 /* TabViewBootcamp.swift in Sources */,
				CEA543A42BDC1609007705D3 /* OnAppearBootcamp.swift in Sources */,
				CE510C252BE3BE88000C3236 /* BadgesBootcamp.swift in Sources */,
				CE38629A2BD29FA400B7AEF7 /* AnimationBootcamp.swift in Sources */,
				CE510C272BE3C0AF000C3236 /* FocusStateBootcamp.swift in Sources */,
				CE6877B42BDAD98F0066E054 /* DatePickerBootcamp.swift in Sources */,
				CE0A9D372BB894240059C22B /* Iconsbootcamp.swift in Sources */,
				CE7518E42BD41D0100B4FD5D /* AlertsBootcamp.swift in Sources */,
				CE38629C2BD2A5A000B7AEF7 /* AnimationTimingBootcamp.swift in Sources */,
				CE8EA7352BC4721100A92E56 /* GridBootcamp.swift in Sources */,
				CE31C0AE2BECFEA4007FB587 /* ViewThatFitsBootcamp.swift in Sources */,
				CE39E8D72BE246620084CBF6 /* OnboardingView.swift in Sources */,
				CE037BE02BD2CB0D00AAA012 /* SheetsBootcamp.swift in Sources */,
				CE510C1B2BE394A4000C3236 /* AsyncImageBoocamp.swift in Sources */,
				CE0A9D352BB88B500059C22B /* GradiantsBootcamp.swift in Sources */,
				CE510C232BE3BA9E000C3236 /* ListSwipeActionsBootcamp.swift in Sources */,
				CEE731622BDAB7A600602302 /* PickerBootcamp.swift in Sources */,
				CE7757582BED1A4C00E6A6F9 /* ContentUnavailableViewBootcamp.swift in Sources */,
				CE39E8D52BE2441C0084CBF6 /* IntroView.swift in Sources */,
				CE87F7C32BDBEA1500A695C2 /* DocumentationBootcamp.swift in Sources */,
				CEF48C732BBED3CF0089BA4A /* InitializerBootcamp.swift in Sources */,
				CE569F932BE6E3BB00C1F996 /* NativePopoverBootcamp.swift in Sources */,
				CEF48C752BBEE4CD0089BA4A /* ForEachBootcamp.swift in Sources */,
				CE5DB8CF2BB5FA870081B4A2 /* ContentView.swift in Sources */,
				CE76AD742BD95A5800CA6FC8 /* TextFieldBootcamp.swift in Sources */,
				CEF8D7762BB8AEDE007029F0 /* FrameBootcamp.swift in Sources */,
				CE58A5B92BD2F07000EDCF03 /* PopoverBootcamp.swift in Sources */,
				CE569F912BE6E2D800C1F996 /* MenuBootcamp.swift in Sources */,
				CE7518E62BD4439900B4FD5D /* ActionSheetBootcamp.swift in Sources */,
				CECB56922BB74A5000116B0B /* ColorsBootcamp.swift in Sources */,
				CE58A5BD2BD3020700EDCF03 /* NavigationViewBootcamp.swift in Sources */,
				CEE731642BDAD20700602302 /* ColorPickerBootcamp.swift in Sources */,
				CE77575A2BED1CB700E6A6F9 /* ControlGroupMenuBootcamp.swift in Sources */,
				CE4EFF8F2BB9F57E00EC71B6 /* StackOnStack.swift in Sources */,
				CE31C0B02BED01BF007FB587 /* NavigationSplitViewBootcamp.swift in Sources */,
				CE8D95E72BB98C650018CDCC /* BackgroundOverlayBootcamp.swift in Sources */,
				CE957FA12BBB54340093B03A /* PaddingBotcamp.swift in Sources */,
				CE21E81A2BC9A539008B73AA /* ButtonsBootcamp.swift in Sources */,
				CE2284CF2BE038DE00EC5DB3 /* AppStorageBootcamp.swift in Sources */,
				CE0A7A2B2BBEA32D00B894EF /* SpacerBootcamp.swift in Sources */,
				CE569F8F2BE6DEFA00C1F996 /* AnimationUpdatedBootcamp.swift in Sources */,
				CE4EFF952BB9FB4700EC71B6 /* StackBootcamp (V,H,Z).swift in Sources */,
				CE5DB8CD2BB5FA870081B4A2 /* SwiftUIstudyApp.swift in Sources */,
				CE1290B82BD92040008474C4 /* ContextMenuBootcamp.swift in Sources */,
				CE510C212BE3B35E000C3236 /* ButtonStylesBootcamp.swift in Sources */,
				CEA543A82BDC3C3D007705D3 /* TapGestureBootcamp.swift in Sources */,
				CE510C292BE3D612000C3236 /* SubmitTextFieldBootcamp.swift in Sources */,
				CE6877B82BDADEAA0066E054 /* StepperBootcamp.swift in Sources */,
				CE0A9D392BB8A1E80059C22B /* SymbolsTag.swift in Sources */,
				CE510C1F2BE3B265000C3236 /* TextSelectionBootcamp.swift in Sources */,
				CE21E81E2BC9CF64008B73AA /* ExtractedFunctionsBootcamp.swift in Sources */,
				CE1F1A5D2BE3F86700F359D0 /* NavigationStackBootcamp.swift in Sources */,
			);
			runOnlyForDeploymentPostprocessing = 0;
		};
/* End PBXSourcesBuildPhase section */

/* Begin XCBuildConfiguration section */
		CE5DB8D52BB5FA880081B4A2 /* Debug */ = {
			isa = XCBuildConfiguration;
			buildSettings = {
				ALWAYS_SEARCH_USER_PATHS = NO;
				ASSETCATALOG_COMPILER_GENERATE_SWIFT_ASSET_SYMBOL_EXTENSIONS = YES;
				CLANG_ANALYZER_NONNULL = YES;
				CLANG_ANALYZER_NUMBER_OBJECT_CONVERSION = YES_AGGRESSIVE;
				CLANG_CXX_LANGUAGE_STANDARD = "gnu++20";
				CLANG_ENABLE_MODULES = YES;
				CLANG_ENABLE_OBJC_ARC = YES;
				CLANG_ENABLE_OBJC_WEAK = YES;
				CLANG_WARN_BLOCK_CAPTURE_AUTORELEASING = YES;
				CLANG_WARN_BOOL_CONVERSION = YES;
				CLANG_WARN_COMMA = YES;
				CLANG_WARN_CONSTANT_CONVERSION = YES;
				CLANG_WARN_DEPRECATED_OBJC_IMPLEMENTATIONS = YES;
				CLANG_WARN_DIRECT_OBJC_ISA_USAGE = YES_ERROR;
				CLANG_WARN_DOCUMENTATION_COMMENTS = YES;
				CLANG_WARN_EMPTY_BODY = YES;
				CLANG_WARN_ENUM_CONVERSION = YES;
				CLANG_WARN_INFINITE_RECURSION = YES;
				CLANG_WARN_INT_CONVERSION = YES;
				CLANG_WARN_NON_LITERAL_NULL_CONVERSION = YES;
				CLANG_WARN_OBJC_IMPLICIT_RETAIN_SELF = YES;
				CLANG_WARN_OBJC_LITERAL_CONVERSION = YES;
				CLANG_WARN_OBJC_ROOT_CLASS = YES_ERROR;
				CLANG_WARN_QUOTED_INCLUDE_IN_FRAMEWORK_HEADER = YES;
				CLANG_WARN_RANGE_LOOP_ANALYSIS = YES;
				CLANG_WARN_STRICT_PROTOTYPES = YES;
				CLANG_WARN_SUSPICIOUS_MOVE = YES;
				CLANG_WARN_UNGUARDED_AVAILABILITY = YES_AGGRESSIVE;
				CLANG_WARN_UNREACHABLE_CODE = YES;
				CLANG_WARN__DUPLICATE_METHOD_MATCH = YES;
				COPY_PHASE_STRIP = NO;
				DEBUG_INFORMATION_FORMAT = dwarf;
				ENABLE_STRICT_OBJC_MSGSEND = YES;
				ENABLE_TESTABILITY = YES;
				ENABLE_USER_SCRIPT_SANDBOXING = YES;
				GCC_C_LANGUAGE_STANDARD = gnu17;
				GCC_DYNAMIC_NO_PIC = NO;
				GCC_NO_COMMON_BLOCKS = YES;
				GCC_OPTIMIZATION_LEVEL = 0;
				GCC_PREPROCESSOR_DEFINITIONS = (
					"DEBUG=1",
					"$(inherited)",
				);
				GCC_WARN_64_TO_32_BIT_CONVERSION = YES;
				GCC_WARN_ABOUT_RETURN_TYPE = YES_ERROR;
				GCC_WARN_UNDECLARED_SELECTOR = YES;
				GCC_WARN_UNINITIALIZED_AUTOS = YES_AGGRESSIVE;
				GCC_WARN_UNUSED_FUNCTION = YES;
				GCC_WARN_UNUSED_VARIABLE = YES;
				IPHONEOS_DEPLOYMENT_TARGET = 17.4;
				LOCALIZATION_PREFERS_STRING_CATALOGS = YES;
				MTL_ENABLE_DEBUG_INFO = INCLUDE_SOURCE;
				MTL_FAST_MATH = YES;
				ONLY_ACTIVE_ARCH = YES;
				SDKROOT = iphoneos;
				SWIFT_ACTIVE_COMPILATION_CONDITIONS = "DEBUG $(inherited)";
				SWIFT_OPTIMIZATION_LEVEL = "-Onone";
			};
			name = Debug;
		};
		CE5DB8D62BB5FA880081B4A2 /* Release */ = {
			isa = XCBuildConfiguration;
			buildSettings = {
				ALWAYS_SEARCH_USER_PATHS = NO;
				ASSETCATALOG_COMPILER_GENERATE_SWIFT_ASSET_SYMBOL_EXTENSIONS = YES;
				CLANG_ANALYZER_NONNULL = YES;
				CLANG_ANALYZER_NUMBER_OBJECT_CONVERSION = YES_AGGRESSIVE;
				CLANG_CXX_LANGUAGE_STANDARD = "gnu++20";
				CLANG_ENABLE_MODULES = YES;
				CLANG_ENABLE_OBJC_ARC = YES;
				CLANG_ENABLE_OBJC_WEAK = YES;
				CLANG_WARN_BLOCK_CAPTURE_AUTORELEASING = YES;
				CLANG_WARN_BOOL_CONVERSION = YES;
				CLANG_WARN_COMMA = YES;
				CLANG_WARN_CONSTANT_CONVERSION = YES;
				CLANG_WARN_DEPRECATED_OBJC_IMPLEMENTATIONS = YES;
				CLANG_WARN_DIRECT_OBJC_ISA_USAGE = YES_ERROR;
				CLANG_WARN_DOCUMENTATION_COMMENTS = YES;
				CLANG_WARN_EMPTY_BODY = YES;
				CLANG_WARN_ENUM_CONVERSION = YES;
				CLANG_WARN_INFINITE_RECURSION = YES;
				CLANG_WARN_INT_CONVERSION = YES;
				CLANG_WARN_NON_LITERAL_NULL_CONVERSION = YES;
				CLANG_WARN_OBJC_IMPLICIT_RETAIN_SELF = YES;
				CLANG_WARN_OBJC_LITERAL_CONVERSION = YES;
				CLANG_WARN_OBJC_ROOT_CLASS = YES_ERROR;
				CLANG_WARN_QUOTED_INCLUDE_IN_FRAMEWORK_HEADER = YES;
				CLANG_WARN_RANGE_LOOP_ANALYSIS = YES;
				CLANG_WARN_STRICT_PROTOTYPES = YES;
				CLANG_WARN_SUSPICIOUS_MOVE = YES;
				CLANG_WARN_UNGUARDED_AVAILABILITY = YES_AGGRESSIVE;
				CLANG_WARN_UNREACHABLE_CODE = YES;
				CLANG_WARN__DUPLICATE_METHOD_MATCH = YES;
				COPY_PHASE_STRIP = NO;
				DEBUG_INFORMATION_FORMAT = "dwarf-with-dsym";
				ENABLE_NS_ASSERTIONS = NO;
				ENABLE_STRICT_OBJC_MSGSEND = YES;
				ENABLE_USER_SCRIPT_SANDBOXING = YES;
				GCC_C_LANGUAGE_STANDARD = gnu17;
				GCC_NO_COMMON_BLOCKS = YES;
				GCC_WARN_64_TO_32_BIT_CONVERSION = YES;
				GCC_WARN_ABOUT_RETURN_TYPE = YES_ERROR;
				GCC_WARN_UNDECLARED_SELECTOR = YES;
				GCC_WARN_UNINITIALIZED_AUTOS = YES_AGGRESSIVE;
				GCC_WARN_UNUSED_FUNCTION = YES;
				GCC_WARN_UNUSED_VARIABLE = YES;
				IPHONEOS_DEPLOYMENT_TARGET = 17.4;
				LOCALIZATION_PREFERS_STRING_CATALOGS = YES;
				MTL_ENABLE_DEBUG_INFO = NO;
				MTL_FAST_MATH = YES;
				SDKROOT = iphoneos;
				SWIFT_COMPILATION_MODE = wholemodule;
				VALIDATE_PRODUCT = YES;
			};
			name = Release;
		};
		CE5DB8D82BB5FA880081B4A2 /* Debug */ = {
			isa = XCBuildConfiguration;
			buildSettings = {
				ASSETCATALOG_COMPILER_APPICON_NAME = AppIcon;
				ASSETCATALOG_COMPILER_GLOBAL_ACCENT_COLOR_NAME = AccentColor;
				ASSETCATALOG_COMPILER_INCLUDE_ALL_APPICON_ASSETS = YES;
				CODE_SIGN_STYLE = Automatic;
				CURRENT_PROJECT_VERSION = 1;
				DEVELOPMENT_ASSET_PATHS = "\"SwiftUIstudy/Preview Content\"";
				DEVELOPMENT_TEAM = 56S6D7P45J;
				ENABLE_PREVIEWS = YES;
				GENERATE_INFOPLIST_FILE = YES;
				INFOPLIST_KEY_CFBundleDisplayName = Bootcamp;
				INFOPLIST_KEY_UIApplicationSceneManifest_Generation = YES;
				INFOPLIST_KEY_UIApplicationSupportsIndirectInputEvents = YES;
				INFOPLIST_KEY_UILaunchScreen_Generation = YES;
				INFOPLIST_KEY_UISupportedInterfaceOrientations_iPad = "UIInterfaceOrientationPortrait UIInterfaceOrientationPortraitUpsideDown UIInterfaceOrientationLandscapeLeft UIInterfaceOrientationLandscapeRight";
				INFOPLIST_KEY_UISupportedInterfaceOrientations_iPhone = "UIInterfaceOrientationPortrait UIInterfaceOrientationLandscapeLeft UIInterfaceOrientationLandscapeRight";
				LD_RUNPATH_SEARCH_PATHS = (
					"$(inherited)",
					"@executable_path/Frameworks",
				);
				MARKETING_VERSION = 1.0;
				PRODUCT_BUNDLE_IDENTIFIER = michael.SwiftUIstudy;
				PRODUCT_NAME = "$(TARGET_NAME)";
				SWIFT_EMIT_LOC_STRINGS = YES;
				SWIFT_VERSION = 5.0;
				TARGETED_DEVICE_FAMILY = "1,2";
			};
			name = Debug;
		};
		CE5DB8D92BB5FA880081B4A2 /* Release */ = {
			isa = XCBuildConfiguration;
			buildSettings = {
				ASSETCATALOG_COMPILER_APPICON_NAME = AppIcon;
				ASSETCATALOG_COMPILER_GLOBAL_ACCENT_COLOR_NAME = AccentColor;
				ASSETCATALOG_COMPILER_INCLUDE_ALL_APPICON_ASSETS = YES;
				CODE_SIGN_STYLE = Automatic;
				CURRENT_PROJECT_VERSION = 1;
				DEVELOPMENT_ASSET_PATHS = "\"SwiftUIstudy/Preview Content\"";
				DEVELOPMENT_TEAM = 56S6D7P45J;
				ENABLE_PREVIEWS = YES;
				GENERATE_INFOPLIST_FILE = YES;
				INFOPLIST_KEY_CFBundleDisplayName = Bootcamp;
				INFOPLIST_KEY_UIApplicationSceneManifest_Generation = YES;
				INFOPLIST_KEY_UIApplicationSupportsIndirectInputEvents = YES;
				INFOPLIST_KEY_UILaunchScreen_Generation = YES;
				INFOPLIST_KEY_UISupportedInterfaceOrientations_iPad = "UIInterfaceOrientationPortrait UIInterfaceOrientationPortraitUpsideDown UIInterfaceOrientationLandscapeLeft UIInterfaceOrientationLandscapeRight";
				INFOPLIST_KEY_UISupportedInterfaceOrientations_iPhone = "UIInterfaceOrientationPortrait UIInterfaceOrientationLandscapeLeft UIInterfaceOrientationLandscapeRight";
				LD_RUNPATH_SEARCH_PATHS = (
					"$(inherited)",
					"@executable_path/Frameworks",
				);
				MARKETING_VERSION = 1.0;
				PRODUCT_BUNDLE_IDENTIFIER = michael.SwiftUIstudy;
				PRODUCT_NAME = "$(TARGET_NAME)";
				SWIFT_EMIT_LOC_STRINGS = YES;
				SWIFT_VERSION = 5.0;
				TARGETED_DEVICE_FAMILY = "1,2";
			};
			name = Release;
		};
/* End XCBuildConfiguration section */

/* Begin XCConfigurationList section */
		CE5DB8C42BB5FA870081B4A2 /* Build configuration list for PBXProject "SwiftUIstudy" */ = {
			isa = XCConfigurationList;
			buildConfigurations = (
				CE5DB8D52BB5FA880081B4A2 /* Debug */,
				CE5DB8D62BB5FA880081B4A2 /* Release */,
			);
			defaultConfigurationIsVisible = 0;
			defaultConfigurationName = Release;
		};
		CE5DB8D72BB5FA880081B4A2 /* Build configuration list for PBXNativeTarget "SwiftUIstudy" */ = {
			isa = XCConfigurationList;
			buildConfigurations = (
				CE5DB8D82BB5FA880081B4A2 /* Debug */,
				CE5DB8D92BB5FA880081B4A2 /* Release */,
			);
			defaultConfigurationIsVisible = 0;
			defaultConfigurationName = Release;
		};
/* End XCConfigurationList section */
	};
	rootObject = CE5DB8C12BB5FA870081B4A2 /* Project object */;
}
